
Microsoft Visual Studio Solution File, Format Version 12.00
# Visual Studio Version 17
VisualStudioVersion = 17.2.32630.192
MinimumVisualStudioVersion = 10.0.40219.1
Project("{FAE04EC0-301F-11D3-BF4B-00C04F79EFBC}") = "M788-1069", "M788-1069.csproj", "{2E0EB153-473E-4A0F-8FA5-BFF5E1A764FF}"
EndProject
Project("{FAE04EC0-301F-11D3-BF4B-00C04F79EFBC}") = "M788-1069Tests", "..\M788-1069Tests\M788-1069Tests.csproj", "{D250AF34-D797-46C8-894F-4A0F869C1CF2}"
EndProject
Global
	GlobalSection(SolutionConfigurationPlatforms) = preSolution
		Debug|Any CPU = Debug|Any CPU
		Release|Any CPU = Release|Any CPU
	EndGlobalSection
	GlobalSection(ProjectConfigurationPlatforms) = postSolution
		{2E0EB153-473E-4A0F-8FA5-BFF5E1A764FF}.Debug|Any CPU.ActiveCfg = Debug|Any CPU
		{2E0EB153-473E-4A0F-8FA5-BFF5E1A764FF}.Debug|Any CPU.Build.0 = Debug|Any CPU
		{2E0EB153-473E-4A0F-8FA5-BFF5E1A764FF}.Release|Any CPU.ActiveCfg = Release|Any CPU
		{2E0EB153-473E-4A0F-8FA5-BFF5E1A764FF}.Release|Any CPU.Build.0 = Release|Any CPU
		{D250AF34-D797-46C8-894F-4A0F869C1CF2}.Debug|Any CPU.ActiveCfg = Debug|Any CPU
		{D250AF34-D797-46C8-894F-4A0F869C1CF2}.Debug|Any CPU.Build.0 = Debug|Any CPU
		{D250AF34-D797-46C8-894F-4A0F869C1CF2}.Release|Any CPU.ActiveCfg = Release|Any CPU
		{D250AF34-D797-46C8-894F-4A0F869C1CF2}.Release|Any CPU.Build.0 = Release|Any CPU
	EndGlobalSection
	GlobalSection(SolutionProperties) = preSolution
		HideSolutionNode = FALSE
	EndGlobalSection
	GlobalSection(ExtensibilityGlobals) = postSolution
		SolutionGuid = {F5A08F3C-1461-4164-BAFC-3B86B66ADB5F}
	EndGlobalSection
EndGlobal
